// !$*UTF8*$!
{
	archiveVersion = 1;
	classes = {
	};
	objectVersion = 56;
	objects = {

/* Begin PBXBuildFile section */
		0504639C2B9886FA00210B25 /* Cocoa.framework in Frameworks */ = {isa = PBXBuildFile; fileRef = 0504639B2B9886FA00210B25 /* Cocoa.framework */; };
		050463A42B9886FA00210B25 /* FxMask XPC Service.pluginkit in Embed PlugIns */ = {isa = PBXBuildFile; fileRef = 050463A32B9886FA00210B25 /* FxMask XPC Service.pluginkit */; settings = {ATTRIBUTES = (CodeSignOnCopy, RemoveHeadersOnCopy, ); }; };
		050463A82B9886FA00210B25 /* Foundation.framework in Frameworks */ = {isa = PBXBuildFile; fileRef = 050463A72B9886FA00210B25 /* Foundation.framework */; };
		050463AA2B9886FA00210B25 /* AppKit.framework in Frameworks */ = {isa = PBXBuildFile; fileRef = 050463A92B9886FA00210B25 /* AppKit.framework */; };
		050463AC2B9886FA00210B25 /* Accelerate.framework in Frameworks */ = {isa = PBXBuildFile; fileRef = 050463AB2B9886FA00210B25 /* Accelerate.framework */; };
		050463AE2B9886FA00210B25 /* PluginManager.framework in Frameworks */ = {isa = PBXBuildFile; fileRef = 050463AD2B9886FA00210B25 /* PluginManager.framework */; };
		050463B02B9886FA00210B25 /* FxPlug.framework in Frameworks */ = {isa = PBXBuildFile; fileRef = 050463AF2B9886FA00210B25 /* FxPlug.framework */; };
		050463B72B9886FA00210B25 /* AppDelegate.m in Sources */ = {isa = PBXBuildFile; fileRef = 050463B62B9886FA00210B25 /* AppDelegate.m */; };
		050463BB2B9886FA00210B25 /* main.m in Sources */ = {isa = PBXBuildFile; fileRef = 050463BA2B9886FA00210B25 /* main.m */; };
		050463BD2B9886FA00210B25 /* FxMaskPlugIn.m in Sources */ = {isa = PBXBuildFile; fileRef = 050463BC2B9886FA00210B25 /* FxMaskPlugIn.m */; };
		050463C22B9886FA00210B25 /* InfoPlist.strings in Resources */ = {isa = PBXBuildFile; fileRef = 050463C02B9886FA00210B25 /* InfoPlist.strings */; };
		050463C42B9886FA00210B25 /* MetalDeviceCache.m in Sources */ = {isa = PBXBuildFile; fileRef = 050463C32B9886FA00210B25 /* MetalDeviceCache.m */; };
		050463C72B9886FA00210B25 /* MainMenu.xib in Resources */ = {isa = PBXBuildFile; fileRef = 050463C52B9886FA00210B25 /* MainMenu.xib */; };
		050463CA2B9886FA00210B25 /* Credits.rtf in Resources */ = {isa = PBXBuildFile; fileRef = 050463C82B9886FA00210B25 /* Credits.rtf */; };
		050463CC2B9886FA00210B25 /* FxMaskShader.metal in Sources */ = {isa = PBXBuildFile; fileRef = 050463CB2B9886FA00210B25 /* FxMaskShader.metal */; };
		050463D02B9886FA00210B25 /* main.m in Sources */ = {isa = PBXBuildFile; fileRef = 050463CF2B9886FA00210B25 /* main.m */; };
		050463D42B9886FA00210B25 /* InfoPlist.strings in Resources */ = {isa = PBXBuildFile; fileRef = 050463D22B9886FA00210B25 /* InfoPlist.strings */; };
		050463D72B9886FA00210B25 /* Localizable.strings in Resources */ = {isa = PBXBuildFile; fileRef = 050463D52B9886FA00210B25 /* Localizable.strings */; };
		050463E22B988EDB00210B25 /* FxMaskOSC.m in Sources */ = {isa = PBXBuildFile; fileRef = 050463E12B988EDB00210B25 /* FxMaskOSC.m */; };
		050463E32B988EDB00210B25 /* FxMaskOSC.m in Sources */ = {isa = PBXBuildFile; fileRef = 050463E12B988EDB00210B25 /* FxMaskOSC.m */; };
		050463E62B98940F00210B25 /* FxMaskOSC.metal in Sources */ = {isa = PBXBuildFile; fileRef = 050463E52B98940F00210B25 /* FxMaskOSC.metal */; };
		050463E72B98940F00210B25 /* FxMaskOSC.metal in Sources */ = {isa = PBXBuildFile; fileRef = 050463E52B98940F00210B25 /* FxMaskOSC.metal */; };
/* End PBXBuildFile section */

/* Begin PBXContainerItemProxy section */
		050463A52B9886FA00210B25 /* PBXContainerItemProxy */ = {
			isa = PBXContainerItemProxy;
			containerPortal = 050463902B9886FA00210B25 /* Project object */;
			proxyType = 1;
			remoteGlobalIDString = 050463A22B9886FA00210B25;
			remoteInfo = "XPC Service";
		};
		050463B12B9886FA00210B25 /* PBXContainerItemProxy */ = {
			isa = PBXContainerItemProxy;
			containerPortal = 050463902B9886FA00210B25 /* Project object */;
			proxyType = 1;
			remoteGlobalIDString = 050463A22B9886FA00210B25;
			remoteInfo = "XPC Service";
		};
/* End PBXContainerItemProxy section */

/* Begin PBXCopyFilesBuildPhase section */
		050463DD2B9886FA00210B25 /* Embed PlugIns */ = {
			isa = PBXCopyFilesBuildPhase;
			buildActionMask = 2147483647;
			dstPath = "";
			dstSubfolderSpec = 13;
			files = (
				050463A42B9886FA00210B25 /* FxMask XPC Service.pluginkit in Embed PlugIns */,
			);
			name = "Embed PlugIns";
			runOnlyForDeploymentPostprocessing = 0;
		};
/* End PBXCopyFilesBuildPhase section */

/* Begin PBXFileReference section */
		050463982B9886FA00210B25 /* FxMask.app */ = {isa = PBXFileReference; explicitFileType = wrapper.application; includeInIndex = 0; path = FxMask.app; sourceTree = BUILT_PRODUCTS_DIR; };
		0504639B2B9886FA00210B25 /* Cocoa.framework */ = {isa = PBXFileReference; lastKnownFileType = wrapper.framework; name = Cocoa.framework; path = System/Library/Frameworks/Cocoa.framework; sourceTree = SDKROOT; };
		050463A32B9886FA00210B25 /* FxMask XPC Service.pluginkit */ = {isa = PBXFileReference; explicitFileType = wrapper.cfbundle; includeInIndex = 0; path = "FxMask XPC Service.pluginkit"; sourceTree = BUILT_PRODUCTS_DIR; };
		050463A72B9886FA00210B25 /* Foundation.framework */ = {isa = PBXFileReference; lastKnownFileType = wrapper.framework; name = Foundation.framework; path = System/Library/Frameworks/Foundation.framework; sourceTree = SDKROOT; };
		050463A92B9886FA00210B25 /* AppKit.framework */ = {isa = PBXFileReference; lastKnownFileType = wrapper.framework; name = AppKit.framework; path = System/Library/Frameworks/AppKit.framework; sourceTree = SDKROOT; };
		050463AB2B9886FA00210B25 /* Accelerate.framework */ = {isa = PBXFileReference; lastKnownFileType = wrapper.framework; name = Accelerate.framework; path = System/Library/Frameworks/Accelerate.framework; sourceTree = SDKROOT; };
		050463AD2B9886FA00210B25 /* PluginManager.framework */ = {isa = PBXFileReference; lastKnownFileType = wrapper.framework; name = PluginManager.framework; path = Library/Frameworks/../../../../../../Library/Developer/Frameworks/PluginManager.framework; sourceTree = DEVELOPER_DIR; };
		050463AF2B9886FA00210B25 /* FxPlug.framework */ = {isa = PBXFileReference; lastKnownFileType = wrapper.framework; name = FxPlug.framework; path = Library/Frameworks/../../../../../../Library/Developer/Frameworks/FxPlug.framework; sourceTree = DEVELOPER_DIR; };
		050463B52B9886FA00210B25 /* AppDelegate.h */ = {isa = PBXFileReference; lastKnownFileType = sourcecode.c.h; path = AppDelegate.h; sourceTree = "<group>"; };
		050463B62B9886FA00210B25 /* AppDelegate.m */ = {isa = PBXFileReference; lastKnownFileType = sourcecode.c.objc; path = AppDelegate.m; sourceTree = "<group>"; };
		050463B92B9886FA00210B25 /* FxMaskPlugIn.h */ = {isa = PBXFileReference; lastKnownFileType = sourcecode.c.h; path = FxMaskPlugIn.h; sourceTree = "<group>"; };
		050463BA2B9886FA00210B25 /* main.m */ = {isa = PBXFileReference; lastKnownFileType = sourcecode.c.objc; path = main.m; sourceTree = "<group>"; };
		050463BC2B9886FA00210B25 /* FxMaskPlugIn.m */ = {isa = PBXFileReference; lastKnownFileType = sourcecode.c.objc; path = FxMaskPlugIn.m; sourceTree = "<group>"; };
		050463BE2B9886FA00210B25 /* Info.plist */ = {isa = PBXFileReference; lastKnownFileType = text.plist.xml; path = Info.plist; sourceTree = "<group>"; };
		050463BF2B9886FA00210B25 /* MetalDeviceCache.h */ = {isa = PBXFileReference; lastKnownFileType = sourcecode.c.h; path = MetalDeviceCache.h; sourceTree = "<group>"; };
		050463C12B9886FA00210B25 /* en */ = {isa = PBXFileReference; lastKnownFileType = text.plist.strings; name = en; path = en.lproj/InfoPlist.strings; sourceTree = "<group>"; };
		050463C32B9886FA00210B25 /* MetalDeviceCache.m */ = {isa = PBXFileReference; lastKnownFileType = sourcecode.c.objc; path = MetalDeviceCache.m; sourceTree = "<group>"; };
		050463C62B9886FA00210B25 /* Base */ = {isa = PBXFileReference; lastKnownFileType = file.xib; name = Base; path = Base.lproj/MainMenu.xib; sourceTree = "<group>"; };
		050463C92B9886FA00210B25 /* en */ = {isa = PBXFileReference; lastKnownFileType = text.rtf; name = en; path = en.lproj/Credits.rtf; sourceTree = "<group>"; };
		050463CB2B9886FA00210B25 /* FxMaskShader.metal */ = {isa = PBXFileReference; lastKnownFileType = sourcecode.metal; path = FxMaskShader.metal; sourceTree = "<group>"; };
		050463CD2B9886FA00210B25 /* SandboxEntitlements.entitlements */ = {isa = PBXFileReference; lastKnownFileType = text.plist.entitlements; path = SandboxEntitlements.entitlements; sourceTree = "<group>"; };
		050463CE2B9886FA00210B25 /* ShaderTypes.h */ = {isa = PBXFileReference; lastKnownFileType = sourcecode.c.h; path = ShaderTypes.h; sourceTree = "<group>"; };
		050463CF2B9886FA00210B25 /* main.m */ = {isa = PBXFileReference; lastKnownFileType = sourcecode.c.objc; path = main.m; sourceTree = "<group>"; };
		050463D12B9886FA00210B25 /* Info.plist */ = {isa = PBXFileReference; lastKnownFileType = text.plist.xml; path = Info.plist; sourceTree = "<group>"; };
		050463D32B9886FA00210B25 /* en */ = {isa = PBXFileReference; lastKnownFileType = text.plist.strings; name = en; path = en.lproj/InfoPlist.strings; sourceTree = "<group>"; };
		050463D62B9886FA00210B25 /* en */ = {isa = PBXFileReference; lastKnownFileType = text.plist.strings; name = en; path = en.lproj/Localizable.strings; sourceTree = "<group>"; };
		050463E12B988EDB00210B25 /* FxMaskOSC.m */ = {isa = PBXFileReference; lastKnownFileType = sourcecode.c.objc; path = FxMaskOSC.m; sourceTree = "<group>"; };
		050463E42B988EF800210B25 /* FxMaskOSC.h */ = {isa = PBXFileReference; lastKnownFileType = sourcecode.c.h; path = FxMaskOSC.h; sourceTree = "<group>"; };
		050463E52B98940F00210B25 /* FxMaskOSC.metal */ = {isa = PBXFileReference; lastKnownFileType = sourcecode.metal; path = FxMaskOSC.metal; sourceTree = "<group>"; };
/* End PBXFileReference section */

/* Begin PBXFrameworksBuildPhase section */
		050463952B9886FA00210B25 /* Frameworks */ = {
			isa = PBXFrameworksBuildPhase;
			buildActionMask = 2147483647;
			files = (
				0504639C2B9886FA00210B25 /* Cocoa.framework in Frameworks */,
			);
			runOnlyForDeploymentPostprocessing = 0;
		};
		0504639E2B9886FA00210B25 /* Frameworks */ = {
			isa = PBXFrameworksBuildPhase;
			buildActionMask = 2147483647;
			files = (
				050463AC2B9886FA00210B25 /* Accelerate.framework in Frameworks */,
				050463AE2B9886FA00210B25 /* PluginManager.framework in Frameworks */,
				050463A82B9886FA00210B25 /* Foundation.framework in Frameworks */,
				050463AA2B9886FA00210B25 /* AppKit.framework in Frameworks */,
				050463B02B9886FA00210B25 /* FxPlug.framework in Frameworks */,
			);
			runOnlyForDeploymentPostprocessing = 0;
		};
/* End PBXFrameworksBuildPhase section */

/* Begin PBXGroup section */
		0504638F2B9886FA00210B25 = {
			isa = PBXGroup;
			children = (
				050463B32B9886FA00210B25 /* FxMask */,
				0504639A2B9886FA00210B25 /* Frameworks */,
				050463992B9886FA00210B25 /* Products */,
			);
			sourceTree = "<group>";
		};
		050463992B9886FA00210B25 /* Products */ = {
			isa = PBXGroup;
			children = (
				050463982B9886FA00210B25 /* FxMask.app */,
				050463A32B9886FA00210B25 /* FxMask XPC Service.pluginkit */,
			);
			name = Products;
			sourceTree = "<group>";
		};
		0504639A2B9886FA00210B25 /* Frameworks */ = {
			isa = PBXGroup;
			children = (
				0504639B2B9886FA00210B25 /* Cocoa.framework */,
				050463A72B9886FA00210B25 /* Foundation.framework */,
				050463A92B9886FA00210B25 /* AppKit.framework */,
				050463AB2B9886FA00210B25 /* Accelerate.framework */,
				050463AD2B9886FA00210B25 /* PluginManager.framework */,
				050463AF2B9886FA00210B25 /* FxPlug.framework */,
			);
			name = Frameworks;
			sourceTree = "<group>";
		};
		050463B32B9886FA00210B25 /* FxMask */ = {
			isa = PBXGroup;
			children = (
				050463B42B9886FA00210B25 /* Wrapper Application */,
				050463B82B9886FA00210B25 /* Plugin */,
			);
			path = FxMask;
			sourceTree = "<group>";
		};
		050463B42B9886FA00210B25 /* Wrapper Application */ = {
			isa = PBXGroup;
			children = (
				050463B52B9886FA00210B25 /* AppDelegate.h */,
				050463B62B9886FA00210B25 /* AppDelegate.m */,
				050463BA2B9886FA00210B25 /* main.m */,
				050463BE2B9886FA00210B25 /* Info.plist */,
				050463C02B9886FA00210B25 /* InfoPlist.strings */,
				050463C52B9886FA00210B25 /* MainMenu.xib */,
				050463C82B9886FA00210B25 /* Credits.rtf */,
				050463CD2B9886FA00210B25 /* SandboxEntitlements.entitlements */,
			);
			path = "Wrapper Application";
			sourceTree = "<group>";
		};
		050463B82B9886FA00210B25 /* Plugin */ = {
			isa = PBXGroup;
			children = (
				050463E42B988EF800210B25 /* FxMaskOSC.h */,
				050463E12B988EDB00210B25 /* FxMaskOSC.m */,
				050463B92B9886FA00210B25 /* FxMaskPlugIn.h */,
				050463BC2B9886FA00210B25 /* FxMaskPlugIn.m */,
				050463BF2B9886FA00210B25 /* MetalDeviceCache.h */,
				050463C32B9886FA00210B25 /* MetalDeviceCache.m */,
				050463CB2B9886FA00210B25 /* FxMaskShader.metal */,
				050463CE2B9886FA00210B25 /* ShaderTypes.h */,
				050463CF2B9886FA00210B25 /* main.m */,
				050463D12B9886FA00210B25 /* Info.plist */,
				050463D22B9886FA00210B25 /* InfoPlist.strings */,
				050463D52B9886FA00210B25 /* Localizable.strings */,
				050463E52B98940F00210B25 /* FxMaskOSC.metal */,
			);
			path = Plugin;
			sourceTree = "<group>";
		};
/* End PBXGroup section */

/* Begin PBXNativeTarget section */
		050463972B9886FA00210B25 /* Wrapper Application */ = {
			isa = PBXNativeTarget;
			buildConfigurationList = 050463DE2B9886FA00210B25 /* Build configuration list for PBXNativeTarget "Wrapper Application" */;
			buildPhases = (
				050463942B9886FA00210B25 /* Sources */,
				050463952B9886FA00210B25 /* Frameworks */,
				050463962B9886FA00210B25 /* Resources */,
				050463DD2B9886FA00210B25 /* Embed PlugIns */,
			);
			buildRules = (
			);
			dependencies = (
				050463A62B9886FA00210B25 /* PBXTargetDependency */,
				050463B22B9886FA00210B25 /* PBXTargetDependency */,
			);
			name = "Wrapper Application";
			productName = "Wrapper Application";
			productReference = 050463982B9886FA00210B25 /* FxMask.app */;
			productType = "com.apple.product-type.application";
		};
		050463A22B9886FA00210B25 /* XPC Service */ = {
			isa = PBXNativeTarget;
			buildConfigurationList = 050463DA2B9886FA00210B25 /* Build configuration list for PBXNativeTarget "XPC Service" */;
			buildPhases = (
				0504639D2B9886FA00210B25 /* Sources */,
				0504639E2B9886FA00210B25 /* Frameworks */,
				0504639F2B9886FA00210B25 /* Resources */,
				050463A02B9886FA00210B25 /* Copy and Code Sign FxPlug.framework */,
				050463A12B9886FA00210B25 /* Copy and Code Sign PluginManager.framework */,
			);
			buildRules = (
			);
			dependencies = (
			);
			name = "XPC Service";
			productName = "XPC Service";
			productReference = 050463A32B9886FA00210B25 /* FxMask XPC Service.pluginkit */;
			productType = "com.apple.product-type.bundle";
		};
/* End PBXNativeTarget section */

/* Begin PBXProject section */
		050463902B9886FA00210B25 /* Project object */ = {
			isa = PBXProject;
			attributes = {
				BuildIndependentTargetsInParallel = 1;
				LastUpgradeCheck = 1520;
				TargetAttributes = {
					050463972B9886FA00210B25 = {
						CreatedOnToolsVersion = 15.2;
					};
					050463A22B9886FA00210B25 = {
						CreatedOnToolsVersion = 15.2;
					};
				};
			};
			buildConfigurationList = 050463932B9886FA00210B25 /* Build configuration list for PBXProject "FxMask" */;
			compatibilityVersion = "Xcode 14.0";
			developmentRegion = en;
			hasScannedForEncodings = 0;
			knownRegions = (
				en,
				Base,
			);
			mainGroup = 0504638F2B9886FA00210B25;
			productRefGroup = 050463992B9886FA00210B25 /* Products */;
			projectDirPath = "";
			projectRoot = "";
			targets = (
				050463972B9886FA00210B25 /* Wrapper Application */,
				050463A22B9886FA00210B25 /* XPC Service */,
			);
		};
/* End PBXProject section */

/* Begin PBXResourcesBuildPhase section */
		050463962B9886FA00210B25 /* Resources */ = {
			isa = PBXResourcesBuildPhase;
			buildActionMask = 2147483647;
			files = (
				050463C22B9886FA00210B25 /* InfoPlist.strings in Resources */,
				050463CA2B9886FA00210B25 /* Credits.rtf in Resources */,
				050463C72B9886FA00210B25 /* MainMenu.xib in Resources */,
			);
			runOnlyForDeploymentPostprocessing = 0;
		};
		0504639F2B9886FA00210B25 /* Resources */ = {
			isa = PBXResourcesBuildPhase;
			buildActionMask = 2147483647;
			files = (
				050463D42B9886FA00210B25 /* InfoPlist.strings in Resources */,
				050463D72B9886FA00210B25 /* Localizable.strings in Resources */,
			);
			runOnlyForDeploymentPostprocessing = 0;
		};
/* End PBXResourcesBuildPhase section */

/* Begin PBXShellScriptBuildPhase section */
		050463A02B9886FA00210B25 /* Copy and Code Sign FxPlug.framework */ = {
			isa = PBXShellScriptBuildPhase;
			buildActionMask = 2147483647;
			files = (
			);
			inputFileListPaths = (
			);
			inputPaths = (
			);
			name = "Copy and Code Sign FxPlug.framework";
			outputFileListPaths = (
			);
			outputPaths = (
			);
			runOnlyForDeploymentPostprocessing = 0;
			shellPath = /bin/sh;
			shellScript = "mkdir -p \"${TARGET_BUILD_DIR}/${FRAMEWORKS_FOLDER_PATH}\"\nrsync --archive --links --whole-file --no-owner --no-group --checksum --exclude='Headers' \"/Library/Developer/Frameworks/FxPlug.framework/\" \"${TARGET_BUILD_DIR}/${FRAMEWORKS_FOLDER_PATH}/FxPlug.framework/\"\nif [ \"$?\" -ne 0 ]; then echo \"error: rsync failed; couldn't embed FxPlug.framework\"; exit 1; fi\ncodesign --force --timestamp --options runtime --sign \"${CODE_SIGN_IDENTITY}\" \"${BUILT_PRODUCTS_DIR}/${FRAMEWORKS_FOLDER_PATH}/FxPlug.framework\"";
			showEnvVarsInLog = 0;
		};
		050463A12B9886FA00210B25 /* Copy and Code Sign PluginManager.framework */ = {
			isa = PBXShellScriptBuildPhase;
			buildActionMask = 2147483647;
			files = (
			);
			inputFileListPaths = (
			);
			inputPaths = (
			);
			name = "Copy and Code Sign PluginManager.framework";
			outputFileListPaths = (
			);
			outputPaths = (
			);
			runOnlyForDeploymentPostprocessing = 0;
			shellPath = /bin/sh;
			shellScript = "mkdir -p \"${TARGET_BUILD_DIR}/${FRAMEWORKS_FOLDER_PATH}\"\nrsync --archive --links --whole-file --no-owner --no-group --checksum --exclude='Headers' \"/Library/Developer/Frameworks/PluginManager.framework/\" \"${TARGET_BUILD_DIR}/${FRAMEWORKS_FOLDER_PATH}/PluginManager.framework/\"\nif [ \"$?\" -ne 0 ]; then echo \"error: rsync failed; couldn't embed PluginManager.framework\"; exit 1; fi\ncodesign --force --timestamp --options runtime --sign \"${CODE_SIGN_IDENTITY}\" \"${BUILT_PRODUCTS_DIR}/${FRAMEWORKS_FOLDER_PATH}/PluginManager.framework\"\n";
			showEnvVarsInLog = 0;
		};
/* End PBXShellScriptBuildPhase section */

/* Begin PBXSourcesBuildPhase section */
		050463942B9886FA00210B25 /* Sources */ = {
			isa = PBXSourcesBuildPhase;
			buildActionMask = 2147483647;
			files = (
				050463BB2B9886FA00210B25 /* main.m in Sources */,
				050463B72B9886FA00210B25 /* AppDelegate.m in Sources */,
				050463E22B988EDB00210B25 /* FxMaskOSC.m in Sources */,
				050463E62B98940F00210B25 /* FxMaskOSC.metal in Sources */,
			);
			runOnlyForDeploymentPostprocessing = 0;
		};
		0504639D2B9886FA00210B25 /* Sources */ = {
			isa = PBXSourcesBuildPhase;
			buildActionMask = 2147483647;
			files = (
				050463C42B9886FA00210B25 /* MetalDeviceCache.m in Sources */,
				050463E72B98940F00210B25 /* FxMaskOSC.metal in Sources */,
				050463CC2B9886FA00210B25 /* FxMaskShader.metal in Sources */,
				050463D02B9886FA00210B25 /* main.m in Sources */,
				050463E32B988EDB00210B25 /* FxMaskOSC.m in Sources */,
				050463BD2B9886FA00210B25 /* FxMaskPlugIn.m in Sources */,
			);
			runOnlyForDeploymentPostprocessing = 0;
		};
/* End PBXSourcesBuildPhase section */

/* Begin PBXTargetDependency section */
		050463A62B9886FA00210B25 /* PBXTargetDependency */ = {
			isa = PBXTargetDependency;
			target = 050463A22B9886FA00210B25 /* XPC Service */;
			targetProxy = 050463A52B9886FA00210B25 /* PBXContainerItemProxy */;
		};
		050463B22B9886FA00210B25 /* PBXTargetDependency */ = {
			isa = PBXTargetDependency;
			target = 050463A22B9886FA00210B25 /* XPC Service */;
			targetProxy = 050463B12B9886FA00210B25 /* PBXContainerItemProxy */;
		};
/* End PBXTargetDependency section */

/* Begin PBXVariantGroup section */
		050463C02B9886FA00210B25 /* InfoPlist.strings */ = {
			isa = PBXVariantGroup;
			children = (
				050463C12B9886FA00210B25 /* en */,
			);
			name = InfoPlist.strings;
			sourceTree = "<group>";
		};
		050463C52B9886FA00210B25 /* MainMenu.xib */ = {
			isa = PBXVariantGroup;
			children = (
				050463C62B9886FA00210B25 /* Base */,
			);
			name = MainMenu.xib;
			sourceTree = "<group>";
		};
		050463C82B9886FA00210B25 /* Credits.rtf */ = {
			isa = PBXVariantGroup;
			children = (
				050463C92B9886FA00210B25 /* en */,
			);
			name = Credits.rtf;
			sourceTree = "<group>";
		};
		050463D22B9886FA00210B25 /* InfoPlist.strings */ = {
			isa = PBXVariantGroup;
			children = (
				050463D32B9886FA00210B25 /* en */,
			);
			name = InfoPlist.strings;
			sourceTree = "<group>";
		};
		050463D52B9886FA00210B25 /* Localizable.strings */ = {
			isa = PBXVariantGroup;
			children = (
				050463D62B9886FA00210B25 /* en */,
			);
			name = Localizable.strings;
			sourceTree = "<group>";
		};
/* End PBXVariantGroup section */

/* Begin XCBuildConfiguration section */
		050463D82B9886FA00210B25 /* Debug */ = {
			isa = XCBuildConfiguration;
			buildSettings = {
				ADDITIONAL_SDKS = /Library/Developer/SDKs/FxPlug.sdk;
				ALWAYS_SEARCH_USER_PATHS = NO;
				ASSETCATALOG_COMPILER_GENERATE_SWIFT_ASSET_SYMBOL_EXTENSIONS = YES;
				CLANG_ANALYZER_NONNULL = YES;
				CLANG_ANALYZER_NUMBER_OBJECT_CONVERSION = YES_AGGRESSIVE;
				CLANG_CXX_LANGUAGE_STANDARD = "gnu++20";
				CLANG_ENABLE_MODULES = YES;
				CLANG_ENABLE_OBJC_ARC = NO;
				CLANG_ENABLE_OBJC_WEAK = YES;
				CLANG_WARN_BLOCK_CAPTURE_AUTORELEASING = YES;
				CLANG_WARN_BOOL_CONVERSION = YES;
				CLANG_WARN_COMMA = YES;
				CLANG_WARN_CONSTANT_CONVERSION = YES;
				CLANG_WARN_DEPRECATED_OBJC_IMPLEMENTATIONS = YES;
				CLANG_WARN_DIRECT_OBJC_ISA_USAGE = YES_ERROR;
				CLANG_WARN_DOCUMENTATION_COMMENTS = YES;
				CLANG_WARN_EMPTY_BODY = YES;
				CLANG_WARN_ENUM_CONVERSION = YES;
				CLANG_WARN_INFINITE_RECURSION = YES;
				CLANG_WARN_INT_CONVERSION = YES;
				CLANG_WARN_NON_LITERAL_NULL_CONVERSION = YES;
				CLANG_WARN_OBJC_IMPLICIT_RETAIN_SELF = YES;
				CLANG_WARN_OBJC_LITERAL_CONVERSION = YES;
				CLANG_WARN_OBJC_ROOT_CLASS = YES_ERROR;
				CLANG_WARN_QUOTED_INCLUDE_IN_FRAMEWORK_HEADER = YES;
				CLANG_WARN_RANGE_LOOP_ANALYSIS = YES;
				CLANG_WARN_STRICT_PROTOTYPES = YES;
				CLANG_WARN_SUSPICIOUS_MOVE = YES;
				CLANG_WARN_UNGUARDED_AVAILABILITY = YES_AGGRESSIVE;
				CLANG_WARN_UNREACHABLE_CODE = YES;
				CLANG_WARN__DUPLICATE_METHOD_MATCH = YES;
				COPY_PHASE_STRIP = NO;
				DEBUG_INFORMATION_FORMAT = dwarf;
				ENABLE_STRICT_OBJC_MSGSEND = YES;
				ENABLE_TESTABILITY = YES;
				ENABLE_USER_SCRIPT_SANDBOXING = YES;
				FRAMEWORK_SEARCH_PATHS = (
					/Library/Frameworks,
					"$(inherited)",
				);
				GCC_C_LANGUAGE_STANDARD = gnu17;
				GCC_DYNAMIC_NO_PIC = NO;
				GCC_ENABLE_OBJC_EXCEPTIONS = YES;
				GCC_NO_COMMON_BLOCKS = YES;
				GCC_OPTIMIZATION_LEVEL = 0;
				GCC_PREPROCESSOR_DEFINITIONS = (
					"DEBUG=1",
					"$(inherited)",
				);
				GCC_WARN_64_TO_32_BIT_CONVERSION = YES;
				GCC_WARN_ABOUT_RETURN_TYPE = YES_ERROR;
				GCC_WARN_UNDECLARED_SELECTOR = YES;
				GCC_WARN_UNINITIALIZED_AUTOS = YES_AGGRESSIVE;
				GCC_WARN_UNUSED_FUNCTION = YES;
				GCC_WARN_UNUSED_VARIABLE = YES;
				LOCALIZATION_PREFERS_STRING_CATALOGS = YES;
				MACOSX_DEPLOYMENT_TARGET = 14.3;
				MTL_ENABLE_DEBUG_INFO = INCLUDE_SOURCE;
				MTL_FAST_MATH = YES;
				ONLY_ACTIVE_ARCH = YES;
				SDKROOT = macosx;
				SWIFT_VERSION = 5;
			};
			name = Debug;
		};
		050463D92B9886FA00210B25 /* Release */ = {
			isa = XCBuildConfiguration;
			buildSettings = {
				ADDITIONAL_SDKS = /Library/Developer/SDKs/FxPlug.sdk;
				ALWAYS_SEARCH_USER_PATHS = NO;
				ASSETCATALOG_COMPILER_GENERATE_SWIFT_ASSET_SYMBOL_EXTENSIONS = YES;
				CLANG_ANALYZER_NONNULL = YES;
				CLANG_ANALYZER_NUMBER_OBJECT_CONVERSION = YES_AGGRESSIVE;
				CLANG_CXX_LANGUAGE_STANDARD = "gnu++20";
				CLANG_ENABLE_MODULES = YES;
				CLANG_ENABLE_OBJC_ARC = NO;
				CLANG_ENABLE_OBJC_WEAK = YES;
				CLANG_WARN_BLOCK_CAPTURE_AUTORELEASING = YES;
				CLANG_WARN_BOOL_CONVERSION = YES;
				CLANG_WARN_COMMA = YES;
				CLANG_WARN_CONSTANT_CONVERSION = YES;
				CLANG_WARN_DEPRECATED_OBJC_IMPLEMENTATIONS = YES;
				CLANG_WARN_DIRECT_OBJC_ISA_USAGE = YES_ERROR;
				CLANG_WARN_DOCUMENTATION_COMMENTS = YES;
				CLANG_WARN_EMPTY_BODY = YES;
				CLANG_WARN_ENUM_CONVERSION = YES;
				CLANG_WARN_INFINITE_RECURSION = YES;
				CLANG_WARN_INT_CONVERSION = YES;
				CLANG_WARN_NON_LITERAL_NULL_CONVERSION = YES;
				CLANG_WARN_OBJC_IMPLICIT_RETAIN_SELF = YES;
				CLANG_WARN_OBJC_LITERAL_CONVERSION = YES;
				CLANG_WARN_OBJC_ROOT_CLASS = YES_ERROR;
				CLANG_WARN_QUOTED_INCLUDE_IN_FRAMEWORK_HEADER = YES;
				CLANG_WARN_RANGE_LOOP_ANALYSIS = YES;
				CLANG_WARN_STRICT_PROTOTYPES = YES;
				CLANG_WARN_SUSPICIOUS_MOVE = YES;
				CLANG_WARN_UNGUARDED_AVAILABILITY = YES_AGGRESSIVE;
				CLANG_WARN_UNREACHABLE_CODE = YES;
				CLANG_WARN__DUPLICATE_METHOD_MATCH = YES;
				COPY_PHASE_STRIP = NO;
				DEBUG_INFORMATION_FORMAT = "dwarf-with-dsym";
				ENABLE_NS_ASSERTIONS = NO;
				ENABLE_STRICT_OBJC_MSGSEND = YES;
				ENABLE_USER_SCRIPT_SANDBOXING = YES;
				FRAMEWORK_SEARCH_PATHS = (
					/Library/Frameworks,
					"$(inherited)",
				);
				GCC_C_LANGUAGE_STANDARD = gnu17;
				GCC_ENABLE_OBJC_EXCEPTIONS = YES;
				GCC_NO_COMMON_BLOCKS = YES;
				GCC_WARN_64_TO_32_BIT_CONVERSION = YES;
				GCC_WARN_ABOUT_RETURN_TYPE = YES_ERROR;
				GCC_WARN_UNDECLARED_SELECTOR = YES;
				GCC_WARN_UNINITIALIZED_AUTOS = YES_AGGRESSIVE;
				GCC_WARN_UNUSED_FUNCTION = YES;
				GCC_WARN_UNUSED_VARIABLE = YES;
				LOCALIZATION_PREFERS_STRING_CATALOGS = YES;
				MACOSX_DEPLOYMENT_TARGET = 14.3;
				MTL_ENABLE_DEBUG_INFO = NO;
				MTL_FAST_MATH = YES;
				SDKROOT = macosx;
				SWIFT_VERSION = 5;
			};
			name = Release;
		};
		050463DB2B9886FA00210B25 /* Debug */ = {
			isa = XCBuildConfiguration;
			buildSettings = {
				CODE_SIGN_STYLE = Automatic;
				ENABLE_USER_SCRIPT_SANDBOXING = NO;
				GCC_PRECOMPILE_PREFIX_HEADER = YES;
				INFOPLIST_FILE = FxMask/Plugin/Info.plist;
				LD_RUNPATH_SEARCH_PATHS = (
					"$(inherited)",
					"@loader_path/../Frameworks",
				);
				MACH_O_TYPE = mh_execute;
				PRODUCT_BUNDLE_IDENTIFIER = "$(PRODUCT_NAME:rfc1034identifier)";
				PRODUCT_NAME = "FxMask $(TARGET_NAME)";
				SWIFT_OBJC_BRIDGING_HEADER = "FxMask/Plugin/XPC Service-Bridging-Header.h";
				WRAPPER_EXTENSION = pluginkit;
			};
			name = Debug;
		};
		050463DC2B9886FA00210B25 /* Release */ = {
			isa = XCBuildConfiguration;
			buildSettings = {
				CODE_SIGN_STYLE = Automatic;
				ENABLE_USER_SCRIPT_SANDBOXING = NO;
				GCC_PRECOMPILE_PREFIX_HEADER = YES;
				INFOPLIST_FILE = FxMask/Plugin/Info.plist;
				LD_RUNPATH_SEARCH_PATHS = (
					"$(inherited)",
					"@loader_path/../Frameworks",
				);
				MACH_O_TYPE = mh_execute;
				PRODUCT_BUNDLE_IDENTIFIER = "$(PRODUCT_NAME:rfc1034identifier)";
				PRODUCT_NAME = "FxMask $(TARGET_NAME)";
				SWIFT_OBJC_BRIDGING_HEADER = "FxMask/Plugin/XPC Service-Bridging-Header.h";
				WRAPPER_EXTENSION = pluginkit;
			};
			name = Release;
		};
		050463DF2B9886FA00210B25 /* Debug */ = {
			isa = XCBuildConfiguration;
			buildSettings = {
				CODE_SIGN_ENTITLEMENTS = "FxMask/Wrapper Application/SandboxEntitlements.entitlements";
				CODE_SIGN_STYLE = Automatic;
				ENABLE_HARDENED_RUNTIME = NO;
				GCC_PRECOMPILE_PREFIX_HEADER = YES;
				INFOPLIST_FILE = "FxMask/Wrapper Application/Info.plist";
				PRODUCT_BUNDLE_IDENTIFIER = "$(PRODUCT_NAME:rfc1034identifier)";
				PRODUCT_NAME = FxMask;
				SWIFT_OBJC_BRIDGING_HEADER = "FxMask/Wrapper Application/Wrapper Application-Bridging-Header.h";
			};
			name = Debug;
		};
		050463E02B9886FA00210B25 /* Release */ = {
			isa = XCBuildConfiguration;
			buildSettings = {
				CODE_SIGN_ENTITLEMENTS = "FxMask/Wrapper Application/SandboxEntitlements.entitlements";
				CODE_SIGN_STYLE = Automatic;
				ENABLE_HARDENED_RUNTIME = NO;
				GCC_PRECOMPILE_PREFIX_HEADER = YES;
				INFOPLIST_FILE = "FxMask/Wrapper Application/Info.plist";
				PRODUCT_BUNDLE_IDENTIFIER = "$(PRODUCT_NAME:rfc1034identifier)";
				PRODUCT_NAME = FxMask;
				SWIFT_OBJC_BRIDGING_HEADER = "FxMask/Wrapper Application/Wrapper Application-Bridging-Header.h";
			};
			name = Release;
		};
/* End XCBuildConfiguration section */

/* Begin XCConfigurationList section */
		050463932B9886FA00210B25 /* Build configuration list for PBXProject "FxMask" */ = {
			isa = XCConfigurationList;
			buildConfigurations = (
				050463D82B9886FA00210B25 /* Debug */,
				050463D92B9886FA00210B25 /* Release */,
			);
			defaultConfigurationIsVisible = 0;
			defaultConfigurationName = Release;
		};
		050463DA2B9886FA00210B25 /* Build configuration list for PBXNativeTarget "XPC Service" */ = {
			isa = XCConfigurationList;
			buildConfigurations = (
				050463DB2B9886FA00210B25 /* Debug */,
				050463DC2B9886FA00210B25 /* Release */,
			);
			defaultConfigurationIsVisible = 0;
			defaultConfigurationName = Release;
		};
		050463DE2B9886FA00210B25 /* Build configuration list for PBXNativeTarget "Wrapper Application" */ = {
			isa = XCConfigurationList;
			buildConfigurations = (
				050463DF2B9886FA00210B25 /* Debug */,
				050463E02B9886FA00210B25 /* Release */,
			);
			defaultConfigurationIsVisible = 0;
			defaultConfigurationName = Release;
		};
/* End XCConfigurationList section */
	};
	rootObject = 050463902B9886FA00210B25 /* Project object */;
}
